// !$*UTF8*$!
{
	archiveVersion = 1;
	classes = {
	};
	objectVersion = 50;
	objects = {

/* Begin PBXBuildFile section */
		65A1575321554E75009DC910 /* AppDelegate.m in Sources */ = {isa = PBXBuildFile; fileRef = 65A1575221554E75009DC910 /* AppDelegate.m */; };
		65A1575621554E76009DC910 /* ViewController.m in Sources */ = {isa = PBXBuildFile; fileRef = 65A1575521554E76009DC910 /* ViewController.m */; };
		65A1575821554E77009DC910 /* Assets.xcassets in Resources */ = {isa = PBXBuildFile; fileRef = 65A1575721554E77009DC910 /* Assets.xcassets */; };
		65A1575B21554E77009DC910 /* Main.storyboard in Resources */ = {isa = PBXBuildFile; fileRef = 65A1575921554E77009DC910 /* Main.storyboard */; };
		65A1575E21554E77009DC910 /* main.m in Sources */ = {isa = PBXBuildFile; fileRef = 65A1575D21554E77009DC910 /* main.m */; };
		65A1576721554EAA009DC910 /* CoreBluetooth.framework in Frameworks */ = {isa = PBXBuildFile; fileRef = 65A1576621554EAA009DC910 /* CoreBluetooth.framework */; };
		65A1576F215595B1009DC910 /* TCPServer.m in Sources */ = {isa = PBXBuildFile; fileRef = 65A1576E215595B1009DC910 /* TCPServer.m */; };
		65A1577921598AE8009DC910 /* WindowController.m in Sources */ = {isa = PBXBuildFile; fileRef = 65A1577821598AE8009DC910 /* WindowController.m */; };
/* End PBXBuildFile section */

/* Begin PBXFileReference section */
		65A1574E21554E75009DC910 /* Zebra Emulator.app */ = {isa = PBXFileReference; explicitFileType = wrapper.application; includeInIndex = 0; path = "Zebra Emulator.app"; sourceTree = BUILT_PRODUCTS_DIR; };
		65A1575121554E75009DC910 /* AppDelegate.h */ = {isa = PBXFileReference; lastKnownFileType = sourcecode.c.h; path = AppDelegate.h; sourceTree = "<group>"; };
		65A1575221554E75009DC910 /* AppDelegate.m */ = {isa = PBXFileReference; lastKnownFileType = sourcecode.c.objc; path = AppDelegate.m; sourceTree = "<group>"; };
		65A1575421554E76009DC910 /* ViewController.h */ = {isa = PBXFileReference; lastKnownFileType = sourcecode.c.h; path = ViewController.h; sourceTree = "<group>"; };
		65A1575521554E76009DC910 /* ViewController.m */ = {isa = PBXFileReference; lastKnownFileType = sourcecode.c.objc; path = ViewController.m; sourceTree = "<group>"; };
		65A1575721554E77009DC910 /* Assets.xcassets */ = {isa = PBXFileReference; lastKnownFileType = folder.assetcatalog; path = Assets.xcassets; sourceTree = "<group>"; };
		65A1575A21554E77009DC910 /* Base */ = {isa = PBXFileReference; lastKnownFileType = file.storyboard; name = Base; path = Base.lproj/Main.storyboard; sourceTree = "<group>"; };
		65A1575C21554E77009DC910 /* Info.plist */ = {isa = PBXFileReference; lastKnownFileType = text.plist.xml; path = Info.plist; sourceTree = "<group>"; };
		65A1575D21554E77009DC910 /* main.m */ = {isa = PBXFileReference; lastKnownFileType = sourcecode.c.objc; path = main.m; sourceTree = "<group>"; };
		65A1576621554EAA009DC910 /* CoreBluetooth.framework */ = {isa = PBXFileReference; lastKnownFileType = wrapper.framework; name = CoreBluetooth.framework; path = System/Library/Frameworks/CoreBluetooth.framework; sourceTree = SDKROOT; };
		65A1576821555070009DC910 /* ZPrinterLEService.h */ = {isa = PBXFileReference; lastKnownFileType = sourcecode.c.h; path = ZPrinterLEService.h; sourceTree = "<group>"; };
		65A15769215566A1009DC910 /* Zebra Emulator.entitlements */ = {isa = PBXFileReference; lastKnownFileType = text.plist.entitlements; path = "Zebra Emulator.entitlements"; sourceTree = "<group>"; };
		65A1576D215595B1009DC910 /* TCPServer.h */ = {isa = PBXFileReference; lastKnownFileType = sourcecode.c.h; path = TCPServer.h; sourceTree = "<group>"; };
		65A1576E215595B1009DC910 /* TCPServer.m */ = {isa = PBXFileReference; lastKnownFileType = sourcecode.c.objc; path = TCPServer.m; sourceTree = "<group>"; };
		65A1577721598AE8009DC910 /* WindowController.h */ = {isa = PBXFileReference; lastKnownFileType = sourcecode.c.h; path = WindowController.h; sourceTree = "<group>"; };
		65A1577821598AE8009DC910 /* WindowController.m */ = {isa = PBXFileReference; lastKnownFileType = sourcecode.c.objc; path = WindowController.m; sourceTree = "<group>"; };
/* End PBXFileReference section */

/* Begin PBXFrameworksBuildPhase section */
		65A1574B21554E75009DC910 /* Frameworks */ = {
			isa = PBXFrameworksBuildPhase;
			buildActionMask = 2147483647;
			files = (
				65A1576721554EAA009DC910 /* CoreBluetooth.framework in Frameworks */,
			);
			runOnlyForDeploymentPostprocessing = 0;
		};
/* End PBXFrameworksBuildPhase section */

/* Begin PBXGroup section */
		65A1574521554E75009DC910 = {
			isa = PBXGroup;
			children = (
				65A1575021554E75009DC910 /* Zebra Emulator */,
				65A1574F21554E75009DC910 /* Products */,
				65A1576521554EAA009DC910 /* Frameworks */,
			);
			sourceTree = "<group>";
		};
		65A1574F21554E75009DC910 /* Products */ = {
			isa = PBXGroup;
			children = (
				65A1574E21554E75009DC910 /* Zebra Emulator.app */,
			);
			name = Products;
			sourceTree = "<group>";
		};
		65A1575021554E75009DC910 /* Zebra Emulator */ = {
			isa = PBXGroup;
			children = (
				65A15769215566A1009DC910 /* Zebra Emulator.entitlements */,
				65A1575121554E75009DC910 /* AppDelegate.h */,
				65A1575221554E75009DC910 /* AppDelegate.m */,
				65A1575421554E76009DC910 /* ViewController.h */,
				65A1575521554E76009DC910 /* ViewController.m */,
				65A1575721554E77009DC910 /* Assets.xcassets */,
				65A1575921554E77009DC910 /* Main.storyboard */,
				65A1575C21554E77009DC910 /* Info.plist */,
				65A1575D21554E77009DC910 /* main.m */,
				65A1576821555070009DC910 /* ZPrinterLEService.h */,
				65A1576D215595B1009DC910 /* TCPServer.h */,
				65A1576E215595B1009DC910 /* TCPServer.m */,
				65A1577721598AE8009DC910 /* WindowController.h */,
				65A1577821598AE8009DC910 /* WindowController.m */,
			);
			path = "Zebra Emulator";
			sourceTree = "<group>";
		};
		65A1576521554EAA009DC910 /* Frameworks */ = {
			isa = PBXGroup;
			children = (
				65A1576621554EAA009DC910 /* CoreBluetooth.framework */,
			);
			name = Frameworks;
			sourceTree = "<group>";
		};
/* End PBXGroup section */

/* Begin PBXNativeTarget section */
		65A1574D21554E75009DC910 /* Zebra Emulator */ = {
			isa = PBXNativeTarget;
			buildConfigurationList = 65A1576221554E77009DC910 /* Build configuration list for PBXNativeTarget "Zebra Emulator" */;
			buildPhases = (
				65A1574A21554E75009DC910 /* Sources */,
				65A1574B21554E75009DC910 /* Frameworks */,
				65A1574C21554E75009DC910 /* Resources */,
			);
			buildRules = (
			);
			dependencies = (
			);
			name = "Zebra Emulator";
			productName = "Zebra Emulator";
			productReference = 65A1574E21554E75009DC910 /* Zebra Emulator.app */;
			productType = "com.apple.product-type.application";
		};
/* End PBXNativeTarget section */

/* Begin PBXProject section */
		65A1574621554E75009DC910 /* Project object */ = {
			isa = PBXProject;
			attributes = {
				LastUpgradeCheck = 0940;
				ORGANIZATIONNAME = "Daniel Hazelbaker";
				TargetAttributes = {
					65A1574D21554E75009DC910 = {
						CreatedOnToolsVersion = 9.4.1;
						SystemCapabilities = {
							com.apple.Sandbox = {
								enabled = 1;
							};
						};
					};
				};
			};
			buildConfigurationList = 65A1574921554E75009DC910 /* Build configuration list for PBXProject "Zebra Emulator" */;
			compatibilityVersion = "Xcode 9.3";
			developmentRegion = en;
			hasScannedForEncodings = 0;
			knownRegions = (
				en,
				Base,
			);
			mainGroup = 65A1574521554E75009DC910;
			productRefGroup = 65A1574F21554E75009DC910 /* Products */;
			projectDirPath = "";
			projectRoot = "";
			targets = (
				65A1574D21554E75009DC910 /* Zebra Emulator */,
			);
		};
/* End PBXProject section */

/* Begin PBXResourcesBuildPhase section */
		65A1574C21554E75009DC910 /* Resources */ = {
			isa = PBXResourcesBuildPhase;
			buildActionMask = 2147483647;
			files = (
				65A1575821554E77009DC910 /* Assets.xcassets in Resources */,
				65A1575B21554E77009DC910 /* Main.storyboard in Resources */,
			);
			runOnlyForDeploymentPostprocessing = 0;
		};
/* End PBXResourcesBuildPhase section */

/* Begin PBXSourcesBuildPhase section */
		65A1574A21554E75009DC910 /* Sources */ = {
			isa = PBXSourcesBuildPhase;
			buildActionMask = 2147483647;
			files = (
				65A1577921598AE8009DC910 /* WindowController.m in Sources */,
				65A1576F215595B1009DC910 /* TCPServer.m in Sources */,
				65A1575621554E76009DC910 /* ViewController.m in Sources */,
				65A1575E21554E77009DC910 /* main.m in Sources */,
				65A1575321554E75009DC910 /* AppDelegate.m in Sources */,
			);
			runOnlyForDeploymentPostprocessing = 0;
		};
/* End PBXSourcesBuildPhase section */

/* Begin PBXVariantGroup section */
		65A1575921554E77009DC910 /* Main.storyboard */ = {
			isa = PBXVariantGroup;
			children = (
				65A1575A21554E77009DC910 /* Base */,
			);
			name = Main.storyboard;
			sourceTree = "<group>";
		};
/* End PBXVariantGroup section */

/* Begin XCBuildConfiguration section */
		65A1576021554E77009DC910 /* Debug */ = {
			isa = XCBuildConfiguration;
			buildSettings = {
				ALWAYS_SEARCH_USER_PATHS = NO;
				CLANG_ANALYZER_NONNULL = YES;
				CLANG_ANALYZER_NUMBER_OBJECT_CONVERSION = YES_AGGRESSIVE;
				CLANG_CXX_LANGUAGE_STANDARD = "gnu++14";
				CLANG_CXX_LIBRARY = "libc++";
				CLANG_ENABLE_MODULES = YES;
				CLANG_ENABLE_OBJC_ARC = YES;
				CLANG_ENABLE_OBJC_WEAK = YES;
				CLANG_WARN_BLOCK_CAPTURE_AUTORELEASING = YES;
				CLANG_WARN_BOOL_CONVERSION = YES;
				CLANG_WARN_COMMA = YES;
				CLANG_WARN_CONSTANT_CONVERSION = YES;
				CLANG_WARN_DEPRECATED_OBJC_IMPLEMENTATIONS = YES;
				CLANG_WARN_DIRECT_OBJC_ISA_USAGE = YES_ERROR;
				CLANG_WARN_DOCUMENTATION_COMMENTS = YES;
				CLANG_WARN_EMPTY_BODY = YES;
				CLANG_WARN_ENUM_CONVERSION = YES;
				CLANG_WARN_INFINITE_RECURSION = YES;
				CLANG_WARN_INT_CONVERSION = YES;
				CLANG_WARN_NON_LITERAL_NULL_CONVERSION = YES;
				CLANG_WARN_OBJC_IMPLICIT_RETAIN_SELF = YES;
				CLANG_WARN_OBJC_LITERAL_CONVERSION = YES;
				CLANG_WARN_OBJC_ROOT_CLASS = YES_ERROR;
				CLANG_WARN_RANGE_LOOP_ANALYSIS = YES;
				CLANG_WARN_STRICT_PROTOTYPES = YES;
				CLANG_WARN_SUSPICIOUS_MOVE = YES;
				CLANG_WARN_UNGUARDED_AVAILABILITY = YES_AGGRESSIVE;
				CLANG_WARN_UNREACHABLE_CODE = YES;
				CLANG_WARN__DUPLICATE_METHOD_MATCH = YES;
				CODE_SIGN_IDENTITY = "Mac Developer";
				COPY_PHASE_STRIP = NO;
				DEBUG_INFORMATION_FORMAT = dwarf;
				ENABLE_STRICT_OBJC_MSGSEND = YES;
				ENABLE_TESTABILITY = YES;
				GCC_C_LANGUAGE_STANDARD = gnu11;
				GCC_DYNAMIC_NO_PIC = NO;
				GCC_NO_COMMON_BLOCKS = YES;
				GCC_OPTIMIZATION_LEVEL = 0;
				GCC_PREPROCESSOR_DEFINITIONS = (
					"DEBUG=1",
					"$(inherited)",
				);
				GCC_WARN_64_TO_32_BIT_CONVERSION = YES;
				GCC_WARN_ABOUT_RETURN_TYPE = YES_ERROR;
				GCC_WARN_UNDECLARED_SELECTOR = YES;
				GCC_WARN_UNINITIALIZED_AUTOS = YES_AGGRESSIVE;
				GCC_WARN_UNUSED_FUNCTION = YES;
				GCC_WARN_UNUSED_VARIABLE = YES;
				MACOSX_DEPLOYMENT_TARGET = 10.13;
				MTL_ENABLE_DEBUG_INFO = YES;
				ONLY_ACTIVE_ARCH = YES;
				SDKROOT = macosx;
			};
			name = Debug;
		};
		65A1576121554E77009DC910 /* Release */ = {
			isa = XCBuildConfiguration;
			buildSettings = {
				ALWAYS_SEARCH_USER_PATHS = NO;
				CLANG_ANALYZER_NONNULL = YES;
				CLANG_ANALYZER_NUMBER_OBJECT_CONVERSION = YES_AGGRESSIVE;
				CLANG_CXX_LANGUAGE_STANDARD = "gnu++14";
				CLANG_CXX_LIBRARY = "libc++";
				CLANG_ENABLE_MODULES = YES;
				CLANG_ENABLE_OBJC_ARC = YES;
				CLANG_ENABLE_OBJC_WEAK = YES;
				CLANG_WARN_BLOCK_CAPTURE_AUTORELEASING = YES;
				CLANG_WARN_BOOL_CONVERSION = YES;
				CLANG_WARN_COMMA = YES;
				CLANG_WARN_CONSTANT_CONVERSION = YES;
				CLANG_WARN_DEPRECATED_OBJC_IMPLEMENTATIONS = YES;
				CLANG_WARN_DIRECT_OBJC_ISA_USAGE = YES_ERROR;
				CLANG_WARN_DOCUMENTATION_COMMENTS = YES;
				CLANG_WARN_EMPTY_BODY = YES;
				CLANG_WARN_ENUM_CONVERSION = YES;
				CLANG_WARN_INFINITE_RECURSION = YES;
				CLANG_WARN_INT_CONVERSION = YES;
				CLANG_WARN_NON_LITERAL_NULL_CONVERSION = YES;
				CLANG_WARN_OBJC_IMPLICIT_RETAIN_SELF = YES;
				CLANG_WARN_OBJC_LITERAL_CONVERSION = YES;
				CLANG_WARN_OBJC_ROOT_CLASS = YES_ERROR;
				CLANG_WARN_RANGE_LOOP_ANALYSIS = YES;
				CLANG_WARN_STRICT_PROTOTYPES = YES;
				CLANG_WARN_SUSPICIOUS_MOVE = YES;
				CLANG_WARN_UNGUARDED_AVAILABILITY = YES_AGGRESSIVE;
				CLANG_WARN_UNREACHABLE_CODE = YES;
				CLANG_WARN__DUPLICATE_METHOD_MATCH = YES;
				CODE_SIGN_IDENTITY = "Mac Developer";
				COPY_PHASE_STRIP = NO;
				DEBUG_INFORMATION_FORMAT = "dwarf-with-dsym";
				ENABLE_NS_ASSERTIONS = NO;
				ENABLE_STRICT_OBJC_MSGSEND = YES;
				GCC_C_LANGUAGE_STANDARD = gnu11;
				GCC_NO_COMMON_BLOCKS = YES;
				GCC_WARN_64_TO_32_BIT_CONVERSION = YES;
				GCC_WARN_ABOUT_RETURN_TYPE = YES_ERROR;
				GCC_WARN_UNDECLARED_SELECTOR = YES;
				GCC_WARN_UNINITIALIZED_AUTOS = YES_AGGRESSIVE;
				GCC_WARN_UNUSED_FUNCTION = YES;
				GCC_WARN_UNUSED_VARIABLE = YES;
				MACOSX_DEPLOYMENT_TARGET = 10.13;
				MTL_ENABLE_DEBUG_INFO = NO;
				SDKROOT = macosx;
			};
			name = Release;
		};
		65A1576321554E77009DC910 /* Debug */ = {
			isa = XCBuildConfiguration;
			buildSettings = {
				ASSETCATALOG_COMPILER_APPICON_NAME = AppIcon;
				CODE_SIGN_ENTITLEMENTS = "Zebra Emulator/Zebra Emulator.entitlements";
				CODE_SIGN_STYLE = Automatic;
				COMBINE_HIDPI_IMAGES = YES;
				DEVELOPMENT_TEAM = RKFW587ZZW;
				INFOPLIST_FILE = "Zebra Emulator/Info.plist";
				LD_RUNPATH_SEARCH_PATHS = (
					"$(inherited)",
					"@executable_path/../Frameworks",
				);
				MACOSX_DEPLOYMENT_TARGET = 10.13;
				PRODUCT_BUNDLE_IDENTIFIER = "com.blueboxmoon.Zebra-Emulator";
				PRODUCT_NAME = "$(TARGET_NAME)";
			};
			name = Debug;
		};
		65A1576421554E77009DC910 /* Release */ = {
			isa = XCBuildConfiguration;
			buildSettings = {
				ASSETCATALOG_COMPILER_APPICON_NAME = AppIcon;
				CODE_SIGN_ENTITLEMENTS = "Zebra Emulator/Zebra Emulator.entitlements";
				CODE_SIGN_STYLE = Automatic;
				COMBINE_HIDPI_IMAGES = YES;
				DEVELOPMENT_TEAM = RKFW587ZZW;
				INFOPLIST_FILE = "Zebra Emulator/Info.plist";
				LD_RUNPATH_SEARCH_PATHS = (
					"$(inherited)",
					"@executable_path/../Frameworks",
				);
				MACOSX_DEPLOYMENT_TARGET = 10.13;
				PRODUCT_BUNDLE_IDENTIFIER = "com.blueboxmoon.Zebra-Emulator";
				PRODUCT_NAME = "$(TARGET_NAME)";
			};
			name = Release;
		};
/* End XCBuildConfiguration section */

/* Begin XCConfigurationList section */
		65A1574921554E75009DC910 /* Build configuration list for PBXProject "Zebra Emulator" */ = {
			isa = XCConfigurationList;
			buildConfigurations = (
				65A1576021554E77009DC910 /* Debug */,
				65A1576121554E77009DC910 /* Release */,
			);
			defaultConfigurationIsVisible = 0;
			defaultConfigurationName = Release;
		};
		65A1576221554E77009DC910 /* Build configuration list for PBXNativeTarget "Zebra Emulator" */ = {
			isa = XCConfigurationList;
			buildConfigurations = (
				65A1576321554E77009DC910 /* Debug */,
				65A1576421554E77009DC910 /* Release */,
			);
			defaultConfigurationIsVisible = 0;
			defaultConfigurationName = Release;
		};
/* End XCConfigurationList section */
	};
	rootObject = 65A1574621554E75009DC910 /* Project object */;
}
